
Microsoft Visual Studio Solution File, Format Version 12.00
# Visual Studio Version 17
VisualStudioVersion = 17.12.35527.113 d17.12
MinimumVisualStudioVersion = 10.0.40219.1
Project("{FAE04EC0-301F-11D3-BF4B-00C04F79EFBC}") = "ChessLogic", "ChessLogic\ChessLogic.csproj", "{C3CB6445-2F2A-484F-9401-AD322C399350}"
EndProject
Project("{FAE04EC0-301F-11D3-BF4B-00C04F79EFBC}") = "ChessUI", "ChessUI\ChessUI.csproj", "{404FEE2F-441C-4644-B540-F75D0600C6E7}"
EndProject
Global
	GlobalSection(SolutionConfigurationPlatforms) = preSolution
		Debug|Any CPU = Debug|Any CPU
		Release|Any CPU = Release|Any CPU
	EndGlobalSection
	GlobalSection(ProjectConfigurationPlatforms) = postSolution
		{C3CB6445-2F2A-484F-9401-AD322C399350}.Debug|Any CPU.ActiveCfg = Debug|Any CPU
		{C3CB6445-2F2A-484F-9401-AD322C399350}.Debug|Any CPU.Build.0 = Debug|Any CPU
		{C3CB6445-2F2A-484F-9401-AD322C399350}.Release|Any CPU.ActiveCfg = Release|Any CPU
		{C3CB6445-2F2A-484F-9401-AD322C399350}.Release|Any CPU.Build.0 = Release|Any CPU
		{404FEE2F-441C-4644-B540-F75D0600C6E7}.Debug|Any CPU.ActiveCfg = Debug|Any CPU
		{404FEE2F-441C-4644-B540-F75D0600C6E7}.Debug|Any CPU.Build.0 = Debug|Any CPU
		{404FEE2F-441C-4644-B540-F75D0600C6E7}.Release|Any CPU.ActiveCfg = Release|Any CPU
		{404FEE2F-441C-4644-B540-F75D0600C6E7}.Release|Any CPU.Build.0 = Release|Any CPU
	EndGlobalSection
	GlobalSection(SolutionProperties) = preSolution
		HideSolutionNode = FALSE
	EndGlobalSection
EndGlobal
